
Microsoft Visual Studio Solution File, Format Version 12.00
# Visual Studio 14
VisualStudioVersion = 14.0.23107.0
MinimumVisualStudioVersion = 10.0.40219.1
Project("{FAE04EC0-301F-11D3-BF4B-00C04F79EFBC}") = "ProjectsHub", "Projects\ProjectsHub.csproj", "{2ED277E0-9FC7-4310-89FB-99578C516D3C}"
EndProject
Global
	GlobalSection(SolutionConfigurationPlatforms) = preSolution
		Debug|Any CPU = Debug|Any CPU
		Release|Any CPU = Release|Any CPU
	EndGlobalSection
	GlobalSection(ProjectConfigurationPlatforms) = postSolution
		{2ED277E0-9FC7-4310-89FB-99578C516D3C}.Debug|Any CPU.ActiveCfg = Debug|Any CPU
		{2ED277E0-9FC7-4310-89FB-99578C516D3C}.Debug|Any CPU.Build.0 = Debug|Any CPU
		{2ED277E0-9FC7-4310-89FB-99578C516D3C}.Release|Any CPU.ActiveCfg = Release|Any CPU
		{2ED277E0-9FC7-4310-89FB-99578C516D3C}.Release|Any CPU.Build.0 = Release|Any CPU
	EndGlobalSection
	GlobalSection(SolutionProperties) = preSolution
		HideSolutionNode = FALSE
	EndGlobalSection
EndGlobal
